// !$*UTF8*$!
{
	archiveVersion = 1;
	classes = {
	};
	objectVersion = 50;
	objects = {

/* Begin PBXBuildFile section */
		7D8A5A8425873A3A00CCB67B /* AppDelegate.swift in Sources */ = {isa = PBXBuildFile; fileRef = 7D8A5A8325873A3A00CCB67B /* AppDelegate.swift */; };
		7D8A5A8625873A3A00CCB67B /* SceneDelegate.swift in Sources */ = {isa = PBXBuildFile; fileRef = 7D8A5A8525873A3A00CCB67B /* SceneDelegate.swift */; };
		7D8A5A8825873A3A00CCB67B /* ViewController.swift in Sources */ = {isa = PBXBuildFile; fileRef = 7D8A5A8725873A3A00CCB67B /* ViewController.swift */; };
		7D8A5A8B25873A3A00CCB67B /* Main.storyboard in Resources */ = {isa = PBXBuildFile; fileRef = 7D8A5A8925873A3A00CCB67B /* Main.storyboard */; };
		7D8A5A8D25873A3C00CCB67B /* Assets.xcassets in Resources */ = {isa = PBXBuildFile; fileRef = 7D8A5A8C25873A3C00CCB67B /* Assets.xcassets */; };
		7D8A5A9025873A3C00CCB67B /* LaunchScreen.storyboard in Resources */ = {isa = PBXBuildFile; fileRef = 7D8A5A8E25873A3C00CCB67B /* LaunchScreen.storyboard */; };
		7D8A5A9B25873A3C00CCB67B /* FirstCoffeTests.swift in Sources */ = {isa = PBXBuildFile; fileRef = 7D8A5A9A25873A3C00CCB67B /* FirstCoffeTests.swift */; };
		7D8A5AA625873A3C00CCB67B /* FirstCoffeUITests.swift in Sources */ = {isa = PBXBuildFile; fileRef = 7D8A5AA525873A3C00CCB67B /* FirstCoffeUITests.swift */; };
/* End PBXBuildFile section */

/* Begin PBXContainerItemProxy section */
		7D8A5A9725873A3C00CCB67B /* PBXContainerItemProxy */ = {
			isa = PBXContainerItemProxy;
			containerPortal = 7D8A5A7825873A3900CCB67B /* Project object */;
			proxyType = 1;
			remoteGlobalIDString = 7D8A5A7F25873A3900CCB67B;
			remoteInfo = FirstCoffe;
		};
		7D8A5AA225873A3C00CCB67B /* PBXContainerItemProxy */ = {
			isa = PBXContainerItemProxy;
			containerPortal = 7D8A5A7825873A3900CCB67B /* Project object */;
			proxyType = 1;
			remoteGlobalIDString = 7D8A5A7F25873A3900CCB67B;
			remoteInfo = FirstCoffe;
		};
/* End PBXContainerItemProxy section */

/* Begin PBXFileReference section */
		7D8A5A8025873A3900CCB67B /* FirstCoffe.app */ = {isa = PBXFileReference; explicitFileType = wrapper.application; includeInIndex = 0; path = FirstCoffe.app; sourceTree = BUILT_PRODUCTS_DIR; };
		7D8A5A8325873A3A00CCB67B /* AppDelegate.swift */ = {isa = PBXFileReference; lastKnownFileType = sourcecode.swift; path = AppDelegate.swift; sourceTree = "<group>"; };
		7D8A5A8525873A3A00CCB67B /* SceneDelegate.swift */ = {isa = PBXFileReference; lastKnownFileType = sourcecode.swift; path = SceneDelegate.swift; sourceTree = "<group>"; };
		7D8A5A8725873A3A00CCB67B /* ViewController.swift */ = {isa = PBXFileReference; lastKnownFileType = sourcecode.swift; path = ViewController.swift; sourceTree = "<group>"; };
		7D8A5A8A25873A3A00CCB67B /* Base */ = {isa = PBXFileReference; lastKnownFileType = file.storyboard; name = Base; path = Base.lproj/Main.storyboard; sourceTree = "<group>"; };
		7D8A5A8C25873A3C00CCB67B /* Assets.xcassets */ = {isa = PBXFileReference; lastKnownFileType = folder.assetcatalog; path = Assets.xcassets; sourceTree = "<group>"; };
		7D8A5A8F25873A3C00CCB67B /* Base */ = {isa = PBXFileReference; lastKnownFileType = file.storyboard; name = Base; path = Base.lproj/LaunchScreen.storyboard; sourceTree = "<group>"; };
		7D8A5A9125873A3C00CCB67B /* Info.plist */ = {isa = PBXFileReference; lastKnownFileType = text.plist.xml; path = Info.plist; sourceTree = "<group>"; };
		7D8A5A9625873A3C00CCB67B /* FirstCoffeTests.xctest */ = {isa = PBXFileReference; explicitFileType = wrapper.cfbundle; includeInIndex = 0; path = FirstCoffeTests.xctest; sourceTree = BUILT_PRODUCTS_DIR; };
		7D8A5A9A25873A3C00CCB67B /* FirstCoffeTests.swift */ = {isa = PBXFileReference; lastKnownFileType = sourcecode.swift; path = FirstCoffeTests.swift; sourceTree = "<group>"; };
		7D8A5A9C25873A3C00CCB67B /* Info.plist */ = {isa = PBXFileReference; lastKnownFileType = text.plist.xml; path = Info.plist; sourceTree = "<group>"; };
		7D8A5AA125873A3C00CCB67B /* FirstCoffeUITests.xctest */ = {isa = PBXFileReference; explicitFileType = wrapper.cfbundle; includeInIndex = 0; path = FirstCoffeUITests.xctest; sourceTree = BUILT_PRODUCTS_DIR; };
		7D8A5AA525873A3C00CCB67B /* FirstCoffeUITests.swift */ = {isa = PBXFileReference; lastKnownFileType = sourcecode.swift; path = FirstCoffeUITests.swift; sourceTree = "<group>"; };
		7D8A5AA725873A3C00CCB67B /* Info.plist */ = {isa = PBXFileReference; lastKnownFileType = text.plist.xml; path = Info.plist; sourceTree = "<group>"; };
/* End PBXFileReference section */

/* Begin PBXFrameworksBuildPhase section */
		7D8A5A7D25873A3900CCB67B /* Frameworks */ = {
			isa = PBXFrameworksBuildPhase;
			buildActionMask = 2147483647;
			files = (
			);
			runOnlyForDeploymentPostprocessing = 0;
		};
		7D8A5A9325873A3C00CCB67B /* Frameworks */ = {
			isa = PBXFrameworksBuildPhase;
			buildActionMask = 2147483647;
			files = (
			);
			runOnlyForDeploymentPostprocessing = 0;
		};
		7D8A5A9E25873A3C00CCB67B /* Frameworks */ = {
			isa = PBXFrameworksBuildPhase;
			buildActionMask = 2147483647;
			files = (
			);
			runOnlyForDeploymentPostprocessing = 0;
		};
/* End PBXFrameworksBuildPhase section */

/* Begin PBXGroup section */
		7D8A5A7725873A3900CCB67B = {
			isa = PBXGroup;
			children = (
				7D8A5A8225873A3900CCB67B /* FirstCoffe */,
				7D8A5A9925873A3C00CCB67B /* FirstCoffeTests */,
				7D8A5AA425873A3C00CCB67B /* FirstCoffeUITests */,
				7D8A5A8125873A3900CCB67B /* Products */,
			);
			sourceTree = "<group>";
		};
		7D8A5A8125873A3900CCB67B /* Products */ = {
			isa = PBXGroup;
			children = (
				7D8A5A8025873A3900CCB67B /* FirstCoffe.app */,
				7D8A5A9625873A3C00CCB67B /* FirstCoffeTests.xctest */,
				7D8A5AA125873A3C00CCB67B /* FirstCoffeUITests.xctest */,
			);
			name = Products;
			sourceTree = "<group>";
		};
		7D8A5A8225873A3900CCB67B /* FirstCoffe */ = {
			isa = PBXGroup;
			children = (
				7D8A5A8325873A3A00CCB67B /* AppDelegate.swift */,
				7D8A5A8525873A3A00CCB67B /* SceneDelegate.swift */,
				7D8A5A8725873A3A00CCB67B /* ViewController.swift */,
				7D8A5A8925873A3A00CCB67B /* Main.storyboard */,
				7D8A5A8C25873A3C00CCB67B /* Assets.xcassets */,
				7D8A5A8E25873A3C00CCB67B /* LaunchScreen.storyboard */,
				7D8A5A9125873A3C00CCB67B /* Info.plist */,
			);
			path = FirstCoffe;
			sourceTree = "<group>";
		};
		7D8A5A9925873A3C00CCB67B /* FirstCoffeTests */ = {
			isa = PBXGroup;
			children = (
				7D8A5A9A25873A3C00CCB67B /* FirstCoffeTests.swift */,
				7D8A5A9C25873A3C00CCB67B /* Info.plist */,
			);
			path = FirstCoffeTests;
			sourceTree = "<group>";
		};
		7D8A5AA425873A3C00CCB67B /* FirstCoffeUITests */ = {
			isa = PBXGroup;
			children = (
				7D8A5AA525873A3C00CCB67B /* FirstCoffeUITests.swift */,
				7D8A5AA725873A3C00CCB67B /* Info.plist */,
			);
			path = FirstCoffeUITests;
			sourceTree = "<group>";
		};
/* End PBXGroup section */

/* Begin PBXNativeTarget section */
		7D8A5A7F25873A3900CCB67B /* FirstCoffe */ = {
			isa = PBXNativeTarget;
			buildConfigurationList = 7D8A5AAA25873A3C00CCB67B /* Build configuration list for PBXNativeTarget "FirstCoffe" */;
			buildPhases = (
				7D8A5A7C25873A3900CCB67B /* Sources */,
				7D8A5A7D25873A3900CCB67B /* Frameworks */,
				7D8A5A7E25873A3900CCB67B /* Resources */,
			);
			buildRules = (
			);
			dependencies = (
			);
			name = FirstCoffe;
			productName = FirstCoffe;
			productReference = 7D8A5A8025873A3900CCB67B /* FirstCoffe.app */;
			productType = "com.apple.product-type.application";
		};
		7D8A5A9525873A3C00CCB67B /* FirstCoffeTests */ = {
			isa = PBXNativeTarget;
			buildConfigurationList = 7D8A5AAD25873A3C00CCB67B /* Build configuration list for PBXNativeTarget "FirstCoffeTests" */;
			buildPhases = (
				7D8A5A9225873A3C00CCB67B /* Sources */,
				7D8A5A9325873A3C00CCB67B /* Frameworks */,
				7D8A5A9425873A3C00CCB67B /* Resources */,
			);
			buildRules = (
			);
			dependencies = (
				7D8A5A9825873A3C00CCB67B /* PBXTargetDependency */,
			);
			name = FirstCoffeTests;
			productName = FirstCoffeTests;
			productReference = 7D8A5A9625873A3C00CCB67B /* FirstCoffeTests.xctest */;
			productType = "com.apple.product-type.bundle.unit-test";
		};
		7D8A5AA025873A3C00CCB67B /* FirstCoffeUITests */ = {
			isa = PBXNativeTarget;
			buildConfigurationList = 7D8A5AB025873A3C00CCB67B /* Build configuration list for PBXNativeTarget "FirstCoffeUITests" */;
			buildPhases = (
				7D8A5A9D25873A3C00CCB67B /* Sources */,
				7D8A5A9E25873A3C00CCB67B /* Frameworks */,
				7D8A5A9F25873A3C00CCB67B /* Resources */,
			);
			buildRules = (
			);
			dependencies = (
				7D8A5AA325873A3C00CCB67B /* PBXTargetDependency */,
			);
			name = FirstCoffeUITests;
			productName = FirstCoffeUITests;
			productReference = 7D8A5AA125873A3C00CCB67B /* FirstCoffeUITests.xctest */;
			productType = "com.apple.product-type.bundle.ui-testing";
		};
/* End PBXNativeTarget section */

/* Begin PBXProject section */
		7D8A5A7825873A3900CCB67B /* Project object */ = {
			isa = PBXProject;
			attributes = {
				LastSwiftUpdateCheck = 1220;
				LastUpgradeCheck = 1220;
				TargetAttributes = {
					7D8A5A7F25873A3900CCB67B = {
						CreatedOnToolsVersion = 12.2;
					};
					7D8A5A9525873A3C00CCB67B = {
						CreatedOnToolsVersion = 12.2;
						TestTargetID = 7D8A5A7F25873A3900CCB67B;
					};
					7D8A5AA025873A3C00CCB67B = {
						CreatedOnToolsVersion = 12.2;
						TestTargetID = 7D8A5A7F25873A3900CCB67B;
					};
				};
			};
			buildConfigurationList = 7D8A5A7B25873A3900CCB67B /* Build configuration list for PBXProject "FirstCoffe" */;
			compatibilityVersion = "Xcode 9.3";
			developmentRegion = en;
			hasScannedForEncodings = 0;
			knownRegions = (
				en,
				Base,
			);
			mainGroup = 7D8A5A7725873A3900CCB67B;
			productRefGroup = 7D8A5A8125873A3900CCB67B /* Products */;
			projectDirPath = "";
			projectRoot = "";
			targets = (
				7D8A5A7F25873A3900CCB67B /* FirstCoffe */,
				7D8A5A9525873A3C00CCB67B /* FirstCoffeTests */,
				7D8A5AA025873A3C00CCB67B /* FirstCoffeUITests */,
			);
		};
/* End PBXProject section */

/* Begin PBXResourcesBuildPhase section */
		7D8A5A7E25873A3900CCB67B /* Resources */ = {
			isa = PBXResourcesBuildPhase;
			buildActionMask = 2147483647;
			files = (
				7D8A5A9025873A3C00CCB67B /* LaunchScreen.storyboard in Resources */,
				7D8A5A8D25873A3C00CCB67B /* Assets.xcassets in Resources */,
				7D8A5A8B25873A3A00CCB67B /* Main.storyboard in Resources */,
			);
			runOnlyForDeploymentPostprocessing = 0;
		};
		7D8A5A9425873A3C00CCB67B /* Resources */ = {
			isa = PBXResourcesBuildPhase;
			buildActionMask = 2147483647;
			files = (
			);
			runOnlyForDeploymentPostprocessing = 0;
		};
		7D8A5A9F25873A3C00CCB67B /* Resources */ = {
			isa = PBXResourcesBuildPhase;
			buildActionMask = 2147483647;
			files = (
			);
			runOnlyForDeploymentPostprocessing = 0;
		};
/* End PBXResourcesBuildPhase section */

/* Begin PBXSourcesBuildPhase section */
		7D8A5A7C25873A3900CCB67B /* Sources */ = {
			isa = PBXSourcesBuildPhase;
			buildActionMask = 2147483647;
			files = (
				7D8A5A8825873A3A00CCB67B /* ViewController.swift in Sources */,
				7D8A5A8425873A3A00CCB67B /* AppDelegate.swift in Sources */,
				7D8A5A8625873A3A00CCB67B /* SceneDelegate.swift in Sources */,
			);
			runOnlyForDeploymentPostprocessing = 0;
		};
		7D8A5A9225873A3C00CCB67B /* Sources */ = {
			isa = PBXSourcesBuildPhase;
			buildActionMask = 2147483647;
			files = (
				7D8A5A9B25873A3C00CCB67B /* FirstCoffeTests.swift in Sources */,
			);
			runOnlyForDeploymentPostprocessing = 0;
		};
		7D8A5A9D25873A3C00CCB67B /* Sources */ = {
			isa = PBXSourcesBuildPhase;
			buildActionMask = 2147483647;
			files = (
				7D8A5AA625873A3C00CCB67B /* FirstCoffeUITests.swift in Sources */,
			);
			runOnlyForDeploymentPostprocessing = 0;
		};
/* End PBXSourcesBuildPhase section */

/* Begin PBXTargetDependency section */
		7D8A5A9825873A3C00CCB67B /* PBXTargetDependency */ = {
			isa = PBXTargetDependency;
			target = 7D8A5A7F25873A3900CCB67B /* FirstCoffe */;
			targetProxy = 7D8A5A9725873A3C00CCB67B /* PBXContainerItemProxy */;
		};
		7D8A5AA325873A3C00CCB67B /* PBXTargetDependency */ = {
			isa = PBXTargetDependency;
			target = 7D8A5A7F25873A3900CCB67B /* FirstCoffe */;
			targetProxy = 7D8A5AA225873A3C00CCB67B /* PBXContainerItemProxy */;
		};
/* End PBXTargetDependency section */

/* Begin PBXVariantGroup section */
		7D8A5A8925873A3A00CCB67B /* Main.storyboard */ = {
			isa = PBXVariantGroup;
			children = (
				7D8A5A8A25873A3A00CCB67B /* Base */,
			);
			name = Main.storyboard;
			sourceTree = "<group>";
		};
		7D8A5A8E25873A3C00CCB67B /* LaunchScreen.storyboard */ = {
			isa = PBXVariantGroup;
			children = (
				7D8A5A8F25873A3C00CCB67B /* Base */,
			);
			name = LaunchScreen.storyboard;
			sourceTree = "<group>";
		};
/* End PBXVariantGroup section */

/* Begin XCBuildConfiguration section */
		7D8A5AA825873A3C00CCB67B /* Debug */ = {
			isa = XCBuildConfiguration;
			buildSettings = {
				ALWAYS_SEARCH_USER_PATHS = NO;
				CLANG_ANALYZER_NONNULL = YES;
				CLANG_ANALYZER_NUMBER_OBJECT_CONVERSION = YES_AGGRESSIVE;
				CLANG_CXX_LANGUAGE_STANDARD = "gnu++14";
				CLANG_CXX_LIBRARY = "libc++";
				CLANG_ENABLE_MODULES = YES;
				CLANG_ENABLE_OBJC_ARC = YES;
				CLANG_ENABLE_OBJC_WEAK = YES;
				CLANG_WARN_BLOCK_CAPTURE_AUTORELEASING = YES;
				CLANG_WARN_BOOL_CONVERSION = YES;
				CLANG_WARN_COMMA = YES;
				CLANG_WARN_CONSTANT_CONVERSION = YES;
				CLANG_WARN_DEPRECATED_OBJC_IMPLEMENTATIONS = YES;
				CLANG_WARN_DIRECT_OBJC_ISA_USAGE = YES_ERROR;
				CLANG_WARN_DOCUMENTATION_COMMENTS = YES;
				CLANG_WARN_EMPTY_BODY = YES;
				CLANG_WARN_ENUM_CONVERSION = YES;
				CLANG_WARN_INFINITE_RECURSION = YES;
				CLANG_WARN_INT_CONVERSION = YES;
				CLANG_WARN_NON_LITERAL_NULL_CONVERSION = YES;
				CLANG_WARN_OBJC_IMPLICIT_RETAIN_SELF = YES;
				CLANG_WARN_OBJC_LITERAL_CONVERSION = YES;
				CLANG_WARN_OBJC_ROOT_CLASS = YES_ERROR;
				CLANG_WARN_QUOTED_INCLUDE_IN_FRAMEWORK_HEADER = YES;
				CLANG_WARN_RANGE_LOOP_ANALYSIS = YES;
				CLANG_WARN_STRICT_PROTOTYPES = YES;
				CLANG_WARN_SUSPICIOUS_MOVE = YES;
				CLANG_WARN_UNGUARDED_AVAILABILITY = YES_AGGRESSIVE;
				CLANG_WARN_UNREACHABLE_CODE = YES;
				CLANG_WARN__DUPLICATE_METHOD_MATCH = YES;
				COPY_PHASE_STRIP = NO;
				DEBUG_INFORMATION_FORMAT = dwarf;
				ENABLE_STRICT_OBJC_MSGSEND = YES;
				ENABLE_TESTABILITY = YES;
				GCC_C_LANGUAGE_STANDARD = gnu11;
				GCC_DYNAMIC_NO_PIC = NO;
				GCC_NO_COMMON_BLOCKS = YES;
				GCC_OPTIMIZATION_LEVEL = 0;
				GCC_PREPROCESSOR_DEFINITIONS = (
					"DEBUG=1",
					"$(inherited)",
				);
				GCC_WARN_64_TO_32_BIT_CONVERSION = YES;
				GCC_WARN_ABOUT_RETURN_TYPE = YES_ERROR;
				GCC_WARN_UNDECLARED_SELECTOR = YES;
				GCC_WARN_UNINITIALIZED_AUTOS = YES_AGGRESSIVE;
				GCC_WARN_UNUSED_FUNCTION = YES;
				GCC_WARN_UNUSED_VARIABLE = YES;
				IPHONEOS_DEPLOYMENT_TARGET = 14.2;
				MTL_ENABLE_DEBUG_INFO = INCLUDE_SOURCE;
				MTL_FAST_MATH = YES;
				ONLY_ACTIVE_ARCH = YES;
				SDKROOT = iphoneos;
				SWIFT_ACTIVE_COMPILATION_CONDITIONS = DEBUG;
				SWIFT_OPTIMIZATION_LEVEL = "-Onone";
			};
			name = Debug;
		};
		7D8A5AA925873A3C00CCB67B /* Release */ = {
			isa = XCBuildConfiguration;
			buildSettings = {
				ALWAYS_SEARCH_USER_PATHS = NO;
				CLANG_ANALYZER_NONNULL = YES;
				CLANG_ANALYZER_NUMBER_OBJECT_CONVERSION = YES_AGGRESSIVE;
				CLANG_CXX_LANGUAGE_STANDARD = "gnu++14";
				CLANG_CXX_LIBRARY = "libc++";
				CLANG_ENABLE_MODULES = YES;
				CLANG_ENABLE_OBJC_ARC = YES;
				CLANG_ENABLE_OBJC_WEAK = YES;
				CLANG_WARN_BLOCK_CAPTURE_AUTORELEASING = YES;
				CLANG_WARN_BOOL_CONVERSION = YES;
				CLANG_WARN_COMMA = YES;
				CLANG_WARN_CONSTANT_CONVERSION = YES;
				CLANG_WARN_DEPRECATED_OBJC_IMPLEMENTATIONS = YES;
				CLANG_WARN_DIRECT_OBJC_ISA_USAGE = YES_ERROR;
				CLANG_WARN_DOCUMENTATION_COMMENTS = YES;
				CLANG_WARN_EMPTY_BODY = YES;
				CLANG_WARN_ENUM_CONVERSION = YES;
				CLANG_WARN_INFINITE_RECURSION = YES;
				CLANG_WARN_INT_CONVERSION = YES;
				CLANG_WARN_NON_LITERAL_NULL_CONVERSION = YES;
				CLANG_WARN_OBJC_IMPLICIT_RETAIN_SELF = YES;
				CLANG_WARN_OBJC_LITERAL_CONVERSION = YES;
				CLANG_WARN_OBJC_ROOT_CLASS = YES_ERROR;
				CLANG_WARN_QUOTED_INCLUDE_IN_FRAMEWORK_HEADER = YES;
				CLANG_WARN_RANGE_LOOP_ANALYSIS = YES;
				CLANG_WARN_STRICT_PROTOTYPES = YES;
				CLANG_WARN_SUSPICIOUS_MOVE = YES;
				CLANG_WARN_UNGUARDED_AVAILABILITY = YES_AGGRESSIVE;
				CLANG_WARN_UNREACHABLE_CODE = YES;
				CLANG_WARN__DUPLICATE_METHOD_MATCH = YES;
				COPY_PHASE_STRIP = NO;
				DEBUG_INFORMATION_FORMAT = "dwarf-with-dsym";
				ENABLE_NS_ASSERTIONS = NO;
				ENABLE_STRICT_OBJC_MSGSEND = YES;
				GCC_C_LANGUAGE_STANDARD = gnu11;
				GCC_NO_COMMON_BLOCKS = YES;
				GCC_WARN_64_TO_32_BIT_CONVERSION = YES;
				GCC_WARN_ABOUT_RETURN_TYPE = YES_ERROR;
				GCC_WARN_UNDECLARED_SELECTOR = YES;
				GCC_WARN_UNINITIALIZED_AUTOS = YES_AGGRESSIVE;
				GCC_WARN_UNUSED_FUNCTION = YES;
				GCC_WARN_UNUSED_VARIABLE = YES;
				IPHONEOS_DEPLOYMENT_TARGET = 14.2;
				MTL_ENABLE_DEBUG_INFO = NO;
				MTL_FAST_MATH = YES;
				SDKROOT = iphoneos;
				SWIFT_COMPILATION_MODE = wholemodule;
				SWIFT_OPTIMIZATION_LEVEL = "-O";
				VALIDATE_PRODUCT = YES;
			};
			name = Release;
		};
		7D8A5AAB25873A3C00CCB67B /* Debug */ = {
			isa = XCBuildConfiguration;
			buildSettings = {
				ASSETCATALOG_COMPILER_APPICON_NAME = AppIcon;
				ASSETCATALOG_COMPILER_GLOBAL_ACCENT_COLOR_NAME = AccentColor;
				CODE_SIGN_STYLE = Automatic;
				DEVELOPMENT_TEAM = LHLL75599N;
				INFOPLIST_FILE = FirstCoffe/Info.plist;
				LD_RUNPATH_SEARCH_PATHS = (
					"$(inherited)",
					"@executable_path/Frameworks",
				);
				PRODUCT_BUNDLE_IDENTIFIER = com.ncc.training.FirstCoffe;
				PRODUCT_NAME = "$(TARGET_NAME)";
				SWIFT_VERSION = 5.0;
				TARGETED_DEVICE_FAMILY = "1,2";
			};
			name = Debug;
		};
		7D8A5AAC25873A3C00CCB67B /* Release */ = {
			isa = XCBuildConfiguration;
			buildSettings = {
				ASSETCATALOG_COMPILER_APPICON_NAME = AppIcon;
				ASSETCATALOG_COMPILER_GLOBAL_ACCENT_COLOR_NAME = AccentColor;
				CODE_SIGN_STYLE = Automatic;
				DEVELOPMENT_TEAM = LHLL75599N;
				INFOPLIST_FILE = FirstCoffe/Info.plist;
				LD_RUNPATH_SEARCH_PATHS = (
					"$(inherited)",
					"@executable_path/Frameworks",
				);
				PRODUCT_BUNDLE_IDENTIFIER = com.ncc.training.FirstCoffe;
				PRODUCT_NAME = "$(TARGET_NAME)";
				SWIFT_VERSION = 5.0;
				TARGETED_DEVICE_FAMILY = "1,2";
			};
			name = Release;
		};
		7D8A5AAE25873A3C00CCB67B /* Debug */ = {
			isa = XCBuildConfiguration;
			buildSettings = {
				ALWAYS_EMBED_SWIFT_STANDARD_LIBRARIES = YES;
				BUNDLE_LOADER = "$(TEST_HOST)";
				CODE_SIGN_STYLE = Automatic;
				INFOPLIST_FILE = FirstCoffeTests/Info.plist;
				IPHONEOS_DEPLOYMENT_TARGET = 14.2;
				LD_RUNPATH_SEARCH_PATHS = (
					"$(inherited)",
					"@executable_path/Frameworks",
					"@loader_path/Frameworks",
				);
				PRODUCT_BUNDLE_IDENTIFIER = com.ncc.training.FirstCoffeTests;
				PRODUCT_NAME = "$(TARGET_NAME)";
				SWIFT_VERSION = 5.0;
				TARGETED_DEVICE_FAMILY = "1,2";
				TEST_HOST = "$(BUILT_PRODUCTS_DIR)/FirstCoffe.app/FirstCoffe";
			};
			name = Debug;
		};
		7D8A5AAF25873A3C00CCB67B /* Release */ = {
			isa = XCBuildConfiguration;
			buildSettings = {
				ALWAYS_EMBED_SWIFT_STANDARD_LIBRARIES = YES;
				BUNDLE_LOADER = "$(TEST_HOST)";
				CODE_SIGN_STYLE = Automatic;
				INFOPLIST_FILE = FirstCoffeTests/Info.plist;
				IPHONEOS_DEPLOYMENT_TARGET = 14.2;
				LD_RUNPATH_SEARCH_PATHS = (
					"$(inherited)",
					"@executable_path/Frameworks",
					"@loader_path/Frameworks",
				);
				PRODUCT_BUNDLE_IDENTIFIER = com.ncc.training.FirstCoffeTests;
				PRODUCT_NAME = "$(TARGET_NAME)";
				SWIFT_VERSION = 5.0;
				TARGETED_DEVICE_FAMILY = "1,2";
				TEST_HOST = "$(BUILT_PRODUCTS_DIR)/FirstCoffe.app/FirstCoffe";
			};
			name = Release;
		};
		7D8A5AB125873A3C00CCB67B /* Debug */ = {
			isa = XCBuildConfiguration;
			buildSettings = {
				ALWAYS_EMBED_SWIFT_STANDARD_LIBRARIES = YES;
				CODE_SIGN_STYLE = Automatic;
				INFOPLIST_FILE = FirstCoffeUITests/Info.plist;
				LD_RUNPATH_SEARCH_PATHS = (
					"$(inherited)",
					"@executable_path/Frameworks",
					"@loader_path/Frameworks",
				);
				PRODUCT_BUNDLE_IDENTIFIER = com.ncc.training.FirstCoffeUITests;
				PRODUCT_NAME = "$(TARGET_NAME)";
				SWIFT_VERSION = 5.0;
				TARGETED_DEVICE_FAMILY = "1,2";
				TEST_TARGET_NAME = FirstCoffe;
			};
			name = Debug;
		};
		7D8A5AB225873A3C00CCB67B /* Release */ = {
			isa = XCBuildConfiguration;
			buildSettings = {
				ALWAYS_EMBED_SWIFT_STANDARD_LIBRARIES = YES;
				CODE_SIGN_STYLE = Automatic;
				INFOPLIST_FILE = FirstCoffeUITests/Info.plist;
				LD_RUNPATH_SEARCH_PATHS = (
					"$(inherited)",
					"@executable_path/Frameworks",
					"@loader_path/Frameworks",
				);
				PRODUCT_BUNDLE_IDENTIFIER = com.ncc.training.FirstCoffeUITests;
				PRODUCT_NAME = "$(TARGET_NAME)";
				SWIFT_VERSION = 5.0;
				TARGETED_DEVICE_FAMILY = "1,2";
				TEST_TARGET_NAME = FirstCoffe;
			};
			name = Release;
		};
/* End XCBuildConfiguration section */

/* Begin XCConfigurationList section */
		7D8A5A7B25873A3900CCB67B /* Build configuration list for PBXProject "FirstCoffe" */ = {
			isa = XCConfigurationList;
			buildConfigurations = (
				7D8A5AA825873A3C00CCB67B /* Debug */,
				7D8A5AA925873A3C00CCB67B /* Release */,
			);
			defaultConfigurationIsVisible = 0;
			defaultConfigurationName = Release;
		};
		7D8A5AAA25873A3C00CCB67B /* Build configuration list for PBXNativeTarget "FirstCoffe" */ = {
			isa = XCConfigurationList;
			buildConfigurations = (
				7D8A5AAB25873A3C00CCB67B /* Debug */,
				7D8A5AAC25873A3C00CCB67B /* Release */,
			);
			defaultConfigurationIsVisible = 0;
			defaultConfigurationName = Release;
		};
		7D8A5AAD25873A3C00CCB67B /* Build configuration list for PBXNativeTarget "FirstCoffeTests" */ = {
			isa = XCConfigurationList;
			buildConfigurations = (
				7D8A5AAE25873A3C00CCB67B /* Debug */,
				7D8A5AAF25873A3C00CCB67B /* Release */,
			);
			defaultConfigurationIsVisible = 0;
			defaultConfigurationName = Release;
		};
		7D8A5AB025873A3C00CCB67B /* Build configuration list for PBXNativeTarget "FirstCoffeUITests" */ = {
			isa = XCConfigurationList;
			buildConfigurations = (
				7D8A5AB125873A3C00CCB67B /* Debug */,
				7D8A5AB225873A3C00CCB67B /* Release */,
			);
			defaultConfigurationIsVisible = 0;
			defaultConfigurationName = Release;
		};
/* End XCConfigurationList section */
	};
	rootObject = 7D8A5A7825873A3900CCB67B /* Project object */;
}
